// !$*UTF8*$!
{
	archiveVersion = 1;
	classes = {
	};
	objectVersion = 48;
	objects = {

/* Begin PBXBuildFile section */
		D5152C7E204B68740002A705 /* AppDelegate.swift in Sources */ = {isa = PBXBuildFile; fileRef = D5152C7D204B68740002A705 /* AppDelegate.swift */; };
		D5152C83204B68740002A705 /* Main.storyboard in Resources */ = {isa = PBXBuildFile; fileRef = D5152C81204B68740002A705 /* Main.storyboard */; };
		D5152C85204B68740002A705 /* Assets.xcassets in Resources */ = {isa = PBXBuildFile; fileRef = D5152C84204B68740002A705 /* Assets.xcassets */; };
		D5152C88204B68740002A705 /* LaunchScreen.storyboard in Resources */ = {isa = PBXBuildFile; fileRef = D5152C86204B68740002A705 /* LaunchScreen.storyboard */; };
		D5152C93204B68740002A705 /* TinderTests.swift in Sources */ = {isa = PBXBuildFile; fileRef = D5152C92204B68740002A705 /* TinderTests.swift */; };
		D5152C9E204B68740002A705 /* TinderUITests.swift in Sources */ = {isa = PBXBuildFile; fileRef = D5152C9D204B68740002A705 /* TinderUITests.swift */; };
		D5152CAC204B68EC0002A705 /* CardsViewController.swift in Sources */ = {isa = PBXBuildFile; fileRef = D5152CAB204B68EC0002A705 /* CardsViewController.swift */; };
		D5152CB0204B724A0002A705 /* ProfileViewController.swift in Sources */ = {isa = PBXBuildFile; fileRef = D5152CAF204B724A0002A705 /* ProfileViewController.swift */; };
/* End PBXBuildFile section */

/* Begin PBXContainerItemProxy section */
		D5152C8F204B68740002A705 /* PBXContainerItemProxy */ = {
			isa = PBXContainerItemProxy;
			containerPortal = D5152C72204B68740002A705 /* Project object */;
			proxyType = 1;
			remoteGlobalIDString = D5152C79204B68740002A705;
			remoteInfo = Tinder;
		};
		D5152C9A204B68740002A705 /* PBXContainerItemProxy */ = {
			isa = PBXContainerItemProxy;
			containerPortal = D5152C72204B68740002A705 /* Project object */;
			proxyType = 1;
			remoteGlobalIDString = D5152C79204B68740002A705;
			remoteInfo = Tinder;
		};
/* End PBXContainerItemProxy section */

/* Begin PBXFileReference section */
		D5152C7A204B68740002A705 /* Tinder.app */ = {isa = PBXFileReference; explicitFileType = wrapper.application; includeInIndex = 0; path = Tinder.app; sourceTree = BUILT_PRODUCTS_DIR; };
		D5152C7D204B68740002A705 /* AppDelegate.swift */ = {isa = PBXFileReference; lastKnownFileType = sourcecode.swift; path = AppDelegate.swift; sourceTree = "<group>"; };
		D5152C82204B68740002A705 /* Base */ = {isa = PBXFileReference; lastKnownFileType = file.storyboard; name = Base; path = Base.lproj/Main.storyboard; sourceTree = "<group>"; };
		D5152C84204B68740002A705 /* Assets.xcassets */ = {isa = PBXFileReference; lastKnownFileType = folder.assetcatalog; path = Assets.xcassets; sourceTree = "<group>"; };
		D5152C87204B68740002A705 /* Base */ = {isa = PBXFileReference; lastKnownFileType = file.storyboard; name = Base; path = Base.lproj/LaunchScreen.storyboard; sourceTree = "<group>"; };
		D5152C89204B68740002A705 /* Info.plist */ = {isa = PBXFileReference; lastKnownFileType = text.plist.xml; path = Info.plist; sourceTree = "<group>"; };
		D5152C8E204B68740002A705 /* TinderTests.xctest */ = {isa = PBXFileReference; explicitFileType = wrapper.cfbundle; includeInIndex = 0; path = TinderTests.xctest; sourceTree = BUILT_PRODUCTS_DIR; };
		D5152C92204B68740002A705 /* TinderTests.swift */ = {isa = PBXFileReference; lastKnownFileType = sourcecode.swift; path = TinderTests.swift; sourceTree = "<group>"; };
		D5152C94204B68740002A705 /* Info.plist */ = {isa = PBXFileReference; lastKnownFileType = text.plist.xml; path = Info.plist; sourceTree = "<group>"; };
		D5152C99204B68740002A705 /* TinderUITests.xctest */ = {isa = PBXFileReference; explicitFileType = wrapper.cfbundle; includeInIndex = 0; path = TinderUITests.xctest; sourceTree = BUILT_PRODUCTS_DIR; };
		D5152C9D204B68740002A705 /* TinderUITests.swift */ = {isa = PBXFileReference; lastKnownFileType = sourcecode.swift; path = TinderUITests.swift; sourceTree = "<group>"; };
		D5152C9F204B68740002A705 /* Info.plist */ = {isa = PBXFileReference; lastKnownFileType = text.plist.xml; path = Info.plist; sourceTree = "<group>"; };
		D5152CAB204B68EC0002A705 /* CardsViewController.swift */ = {isa = PBXFileReference; lastKnownFileType = sourcecode.swift; path = CardsViewController.swift; sourceTree = "<group>"; };
		D5152CAF204B724A0002A705 /* ProfileViewController.swift */ = {isa = PBXFileReference; lastKnownFileType = sourcecode.swift; path = ProfileViewController.swift; sourceTree = "<group>"; };
/* End PBXFileReference section */

/* Begin PBXFrameworksBuildPhase section */
		D5152C77204B68740002A705 /* Frameworks */ = {
			isa = PBXFrameworksBuildPhase;
			buildActionMask = 2147483647;
			files = (
			);
			runOnlyForDeploymentPostprocessing = 0;
		};
		D5152C8B204B68740002A705 /* Frameworks */ = {
			isa = PBXFrameworksBuildPhase;
			buildActionMask = 2147483647;
			files = (
			);
			runOnlyForDeploymentPostprocessing = 0;
		};
		D5152C96204B68740002A705 /* Frameworks */ = {
			isa = PBXFrameworksBuildPhase;
			buildActionMask = 2147483647;
			files = (
			);
			runOnlyForDeploymentPostprocessing = 0;
		};
/* End PBXFrameworksBuildPhase section */

/* Begin PBXGroup section */
		D5152C71204B68740002A705 = {
			isa = PBXGroup;
			children = (
				D5152C7C204B68740002A705 /* Tinder */,
				D5152C91204B68740002A705 /* TinderTests */,
				D5152C9C204B68740002A705 /* TinderUITests */,
				D5152C7B204B68740002A705 /* Products */,
			);
			sourceTree = "<group>";
		};
		D5152C7B204B68740002A705 /* Products */ = {
			isa = PBXGroup;
			children = (
				D5152C7A204B68740002A705 /* Tinder.app */,
				D5152C8E204B68740002A705 /* TinderTests.xctest */,
				D5152C99204B68740002A705 /* TinderUITests.xctest */,
			);
			name = Products;
			sourceTree = "<group>";
		};
		D5152C7C204B68740002A705 /* Tinder */ = {
			isa = PBXGroup;
			children = (
				D5152C7D204B68740002A705 /* AppDelegate.swift */,
				D5152CAB204B68EC0002A705 /* CardsViewController.swift */,
				D5152CAF204B724A0002A705 /* ProfileViewController.swift */,
				D5152C81204B68740002A705 /* Main.storyboard */,
				D5152C84204B68740002A705 /* Assets.xcassets */,
				D5152C86204B68740002A705 /* LaunchScreen.storyboard */,
				D5152C89204B68740002A705 /* Info.plist */,
			);
			path = Tinder;
			sourceTree = "<group>";
		};
		D5152C91204B68740002A705 /* TinderTests */ = {
			isa = PBXGroup;
			children = (
				D5152C92204B68740002A705 /* TinderTests.swift */,
				D5152C94204B68740002A705 /* Info.plist */,
			);
			path = TinderTests;
			sourceTree = "<group>";
		};
		D5152C9C204B68740002A705 /* TinderUITests */ = {
			isa = PBXGroup;
			children = (
				D5152C9D204B68740002A705 /* TinderUITests.swift */,
				D5152C9F204B68740002A705 /* Info.plist */,
			);
			path = TinderUITests;
			sourceTree = "<group>";
		};
/* End PBXGroup section */

/* Begin PBXNativeTarget section */
		D5152C79204B68740002A705 /* Tinder */ = {
			isa = PBXNativeTarget;
			buildConfigurationList = D5152CA2204B68740002A705 /* Build configuration list for PBXNativeTarget "Tinder" */;
			buildPhases = (
				D5152C76204B68740002A705 /* Sources */,
				D5152C77204B68740002A705 /* Frameworks */,
				D5152C78204B68740002A705 /* Resources */,
			);
			buildRules = (
			);
			dependencies = (
			);
			name = Tinder;
			productName = Tinder;
			productReference = D5152C7A204B68740002A705 /* Tinder.app */;
			productType = "com.apple.product-type.application";
		};
		D5152C8D204B68740002A705 /* TinderTests */ = {
			isa = PBXNativeTarget;
			buildConfigurationList = D5152CA5204B68740002A705 /* Build configuration list for PBXNativeTarget "TinderTests" */;
			buildPhases = (
				D5152C8A204B68740002A705 /* Sources */,
				D5152C8B204B68740002A705 /* Frameworks */,
				D5152C8C204B68740002A705 /* Resources */,
			);
			buildRules = (
			);
			dependencies = (
				D5152C90204B68740002A705 /* PBXTargetDependency */,
			);
			name = TinderTests;
			productName = TinderTests;
			productReference = D5152C8E204B68740002A705 /* TinderTests.xctest */;
			productType = "com.apple.product-type.bundle.unit-test";
		};
		D5152C98204B68740002A705 /* TinderUITests */ = {
			isa = PBXNativeTarget;
			buildConfigurationList = D5152CA8204B68740002A705 /* Build configuration list for PBXNativeTarget "TinderUITests" */;
			buildPhases = (
				D5152C95204B68740002A705 /* Sources */,
				D5152C96204B68740002A705 /* Frameworks */,
				D5152C97204B68740002A705 /* Resources */,
			);
			buildRules = (
			);
			dependencies = (
				D5152C9B204B68740002A705 /* PBXTargetDependency */,
			);
			name = TinderUITests;
			productName = TinderUITests;
			productReference = D5152C99204B68740002A705 /* TinderUITests.xctest */;
			productType = "com.apple.product-type.bundle.ui-testing";
		};
/* End PBXNativeTarget section */

/* Begin PBXProject section */
		D5152C72204B68740002A705 /* Project object */ = {
			isa = PBXProject;
			attributes = {
				LastSwiftUpdateCheck = 0920;
				LastUpgradeCheck = 0920;
				ORGANIZATIONNAME = "Nikhil Iyer";
				TargetAttributes = {
					D5152C79204B68740002A705 = {
						CreatedOnToolsVersion = 9.2;
						ProvisioningStyle = Automatic;
					};
					D5152C8D204B68740002A705 = {
						CreatedOnToolsVersion = 9.2;
						ProvisioningStyle = Automatic;
						TestTargetID = D5152C79204B68740002A705;
					};
					D5152C98204B68740002A705 = {
						CreatedOnToolsVersion = 9.2;
						ProvisioningStyle = Automatic;
						TestTargetID = D5152C79204B68740002A705;
					};
				};
			};
			buildConfigurationList = D5152C75204B68740002A705 /* Build configuration list for PBXProject "Tinder" */;
			compatibilityVersion = "Xcode 8.0";
			developmentRegion = en;
			hasScannedForEncodings = 0;
			knownRegions = (
				en,
				Base,
			);
			mainGroup = D5152C71204B68740002A705;
			productRefGroup = D5152C7B204B68740002A705 /* Products */;
			projectDirPath = "";
			projectRoot = "";
			targets = (
				D5152C79204B68740002A705 /* Tinder */,
				D5152C8D204B68740002A705 /* TinderTests */,
				D5152C98204B68740002A705 /* TinderUITests */,
			);
		};
/* End PBXProject section */

/* Begin PBXResourcesBuildPhase section */
		D5152C78204B68740002A705 /* Resources */ = {
			isa = PBXResourcesBuildPhase;
			buildActionMask = 2147483647;
			files = (
				D5152C88204B68740002A705 /* LaunchScreen.storyboard in Resources */,
				D5152C85204B68740002A705 /* Assets.xcassets in Resources */,
				D5152C83204B68740002A705 /* Main.storyboard in Resources */,
			);
			runOnlyForDeploymentPostprocessing = 0;
		};
		D5152C8C204B68740002A705 /* Resources */ = {
			isa = PBXResourcesBuildPhase;
			buildActionMask = 2147483647;
			files = (
			);
			runOnlyForDeploymentPostprocessing = 0;
		};
		D5152C97204B68740002A705 /* Resources */ = {
			isa = PBXResourcesBuildPhase;
			buildActionMask = 2147483647;
			files = (
			);
			runOnlyForDeploymentPostprocessing = 0;
		};
/* End PBXResourcesBuildPhase section */

/* Begin PBXSourcesBuildPhase section */
		D5152C76204B68740002A705 /* Sources */ = {
			isa = PBXSourcesBuildPhase;
			buildActionMask = 2147483647;
			files = (
				D5152CB0204B724A0002A705 /* ProfileViewController.swift in Sources */,
				D5152CAC204B68EC0002A705 /* CardsViewController.swift in Sources */,
				D5152C7E204B68740002A705 /* AppDelegate.swift in Sources */,
			);
			runOnlyForDeploymentPostprocessing = 0;
		};
		D5152C8A204B68740002A705 /* Sources */ = {
			isa = PBXSourcesBuildPhase;
			buildActionMask = 2147483647;
			files = (
				D5152C93204B68740002A705 /* TinderTests.swift in Sources */,
			);
			runOnlyForDeploymentPostprocessing = 0;
		};
		D5152C95204B68740002A705 /* Sources */ = {
			isa = PBXSourcesBuildPhase;
			buildActionMask = 2147483647;
			files = (
				D5152C9E204B68740002A705 /* TinderUITests.swift in Sources */,
			);
			runOnlyForDeploymentPostprocessing = 0;
		};
/* End PBXSourcesBuildPhase section */

/* Begin PBXTargetDependency section */
		D5152C90204B68740002A705 /* PBXTargetDependency */ = {
			isa = PBXTargetDependency;
			target = D5152C79204B68740002A705 /* Tinder */;
			targetProxy = D5152C8F204B68740002A705 /* PBXContainerItemProxy */;
		};
		D5152C9B204B68740002A705 /* PBXTargetDependency */ = {
			isa = PBXTargetDependency;
			target = D5152C79204B68740002A705 /* Tinder */;
			targetProxy = D5152C9A204B68740002A705 /* PBXContainerItemProxy */;
		};
/* End PBXTargetDependency section */

/* Begin PBXVariantGroup section */
		D5152C81204B68740002A705 /* Main.storyboard */ = {
			isa = PBXVariantGroup;
			children = (
				D5152C82204B68740002A705 /* Base */,
			);
			name = Main.storyboard;
			sourceTree = "<group>";
		};
		D5152C86204B68740002A705 /* LaunchScreen.storyboard */ = {
			isa = PBXVariantGroup;
			children = (
				D5152C87204B68740002A705 /* Base */,
			);
			name = LaunchScreen.storyboard;
			sourceTree = "<group>";
		};
/* End PBXVariantGroup section */

/* Begin XCBuildConfiguration section */
		D5152CA0204B68740002A705 /* Debug */ = {
			isa = XCBuildConfiguration;
			buildSettings = {
				ALWAYS_SEARCH_USER_PATHS = NO;
				CLANG_ANALYZER_NONNULL = YES;
				CLANG_ANALYZER_NUMBER_OBJECT_CONVERSION = YES_AGGRESSIVE;
				CLANG_CXX_LANGUAGE_STANDARD = "gnu++14";
				CLANG_CXX_LIBRARY = "libc++";
				CLANG_ENABLE_MODULES = YES;
				CLANG_ENABLE_OBJC_ARC = YES;
				CLANG_WARN_BLOCK_CAPTURE_AUTORELEASING = YES;
				CLANG_WARN_BOOL_CONVERSION = YES;
				CLANG_WARN_COMMA = YES;
				CLANG_WARN_CONSTANT_CONVERSION = YES;
				CLANG_WARN_DIRECT_OBJC_ISA_USAGE = YES_ERROR;
				CLANG_WARN_DOCUMENTATION_COMMENTS = YES;
				CLANG_WARN_EMPTY_BODY = YES;
				CLANG_WARN_ENUM_CONVERSION = YES;
				CLANG_WARN_INFINITE_RECURSION = YES;
				CLANG_WARN_INT_CONVERSION = YES;
				CLANG_WARN_NON_LITERAL_NULL_CONVERSION = YES;
				CLANG_WARN_OBJC_LITERAL_CONVERSION = YES;
				CLANG_WARN_OBJC_ROOT_CLASS = YES_ERROR;
				CLANG_WARN_RANGE_LOOP_ANALYSIS = YES;
				CLANG_WARN_STRICT_PROTOTYPES = YES;
				CLANG_WARN_SUSPICIOUS_MOVE = YES;
				CLANG_WARN_UNGUARDED_AVAILABILITY = YES_AGGRESSIVE;
				CLANG_WARN_UNREACHABLE_CODE = YES;
				CLANG_WARN__DUPLICATE_METHOD_MATCH = YES;
				CODE_SIGN_IDENTITY = "iPhone Developer";
				COPY_PHASE_STRIP = NO;
				DEBUG_INFORMATION_FORMAT = dwarf;
				ENABLE_STRICT_OBJC_MSGSEND = YES;
				ENABLE_TESTABILITY = YES;
				GCC_C_LANGUAGE_STANDARD = gnu11;
				GCC_DYNAMIC_NO_PIC = NO;
				GCC_NO_COMMON_BLOCKS = YES;
				GCC_OPTIMIZATION_LEVEL = 0;
				GCC_PREPROCESSOR_DEFINITIONS = (
					"DEBUG=1",
					"$(inherited)",
				);
				GCC_WARN_64_TO_32_BIT_CONVERSION = YES;
				GCC_WARN_ABOUT_RETURN_TYPE = YES_ERROR;
				GCC_WARN_UNDECLARED_SELECTOR = YES;
				GCC_WARN_UNINITIALIZED_AUTOS = YES_AGGRESSIVE;
				GCC_WARN_UNUSED_FUNCTION = YES;
				GCC_WARN_UNUSED_VARIABLE = YES;
				IPHONEOS_DEPLOYMENT_TARGET = 11.2;
				MTL_ENABLE_DEBUG_INFO = YES;
				ONLY_ACTIVE_ARCH = YES;
				SDKROOT = iphoneos;
				SWIFT_ACTIVE_COMPILATION_CONDITIONS = DEBUG;
				SWIFT_OPTIMIZATION_LEVEL = "-Onone";
			};
			name = Debug;
		};
		D5152CA1204B68740002A705 /* Release */ = {
			isa = XCBuildConfiguration;
			buildSettings = {
				ALWAYS_SEARCH_USER_PATHS = NO;
				CLANG_ANALYZER_NONNULL = YES;
				CLANG_ANALYZER_NUMBER_OBJECT_CONVERSION = YES_AGGRESSIVE;
				CLANG_CXX_LANGUAGE_STANDARD = "gnu++14";
				CLANG_CXX_LIBRARY = "libc++";
				CLANG_ENABLE_MODULES = YES;
				CLANG_ENABLE_OBJC_ARC = YES;
				CLANG_WARN_BLOCK_CAPTURE_AUTORELEASING = YES;
				CLANG_WARN_BOOL_CONVERSION = YES;
				CLANG_WARN_COMMA = YES;
				CLANG_WARN_CONSTANT_CONVERSION = YES;
				CLANG_WARN_DIRECT_OBJC_ISA_USAGE = YES_ERROR;
				CLANG_WARN_DOCUMENTATION_COMMENTS = YES;
				CLANG_WARN_EMPTY_BODY = YES;
				CLANG_WARN_ENUM_CONVERSION = YES;
				CLANG_WARN_INFINITE_RECURSION = YES;
				CLANG_WARN_INT_CONVERSION = YES;
				CLANG_WARN_NON_LITERAL_NULL_CONVERSION = YES;
				CLANG_WARN_OBJC_LITERAL_CONVERSION = YES;
				CLANG_WARN_OBJC_ROOT_CLASS = YES_ERROR;
				CLANG_WARN_RANGE_LOOP_ANALYSIS = YES;
				CLANG_WARN_STRICT_PROTOTYPES = YES;
				CLANG_WARN_SUSPICIOUS_MOVE = YES;
				CLANG_WARN_UNGUARDED_AVAILABILITY = YES_AGGRESSIVE;
				CLANG_WARN_UNREACHABLE_CODE = YES;
				CLANG_WARN__DUPLICATE_METHOD_MATCH = YES;
				CODE_SIGN_IDENTITY = "iPhone Developer";
				COPY_PHASE_STRIP = NO;
				DEBUG_INFORMATION_FORMAT = "dwarf-with-dsym";
				ENABLE_NS_ASSERTIONS = NO;
				ENABLE_STRICT_OBJC_MSGSEND = YES;
				GCC_C_LANGUAGE_STANDARD = gnu11;
				GCC_NO_COMMON_BLOCKS = YES;
				GCC_WARN_64_TO_32_BIT_CONVERSION = YES;
				GCC_WARN_ABOUT_RETURN_TYPE = YES_ERROR;
				GCC_WARN_UNDECLARED_SELECTOR = YES;
				GCC_WARN_UNINITIALIZED_AUTOS = YES_AGGRESSIVE;
				GCC_WARN_UNUSED_FUNCTION = YES;
				GCC_WARN_UNUSED_VARIABLE = YES;
				IPHONEOS_DEPLOYMENT_TARGET = 11.2;
				MTL_ENABLE_DEBUG_INFO = NO;
				SDKROOT = iphoneos;
				SWIFT_OPTIMIZATION_LEVEL = "-Owholemodule";
				VALIDATE_PRODUCT = YES;
			};
			name = Release;
		};
		D5152CA3204B68740002A705 /* Debug */ = {
			isa = XCBuildConfiguration;
			buildSettings = {
				ASSETCATALOG_COMPILER_APPICON_NAME = AppIcon;
				CODE_SIGN_STYLE = Automatic;
				INFOPLIST_FILE = Tinder/Info.plist;
				LD_RUNPATH_SEARCH_PATHS = "$(inherited) @executable_path/Frameworks";
				PRODUCT_BUNDLE_IDENTIFIER = com.nikhiliyer.Tinder;
				PRODUCT_NAME = "$(TARGET_NAME)";
				SWIFT_VERSION = 4.0;
				TARGETED_DEVICE_FAMILY = "1,2";
			};
			name = Debug;
		};
		D5152CA4204B68740002A705 /* Release */ = {
			isa = XCBuildConfiguration;
			buildSettings = {
				ASSETCATALOG_COMPILER_APPICON_NAME = AppIcon;
				CODE_SIGN_STYLE = Automatic;
				INFOPLIST_FILE = Tinder/Info.plist;
				LD_RUNPATH_SEARCH_PATHS = "$(inherited) @executable_path/Frameworks";
				PRODUCT_BUNDLE_IDENTIFIER = com.nikhiliyer.Tinder;
				PRODUCT_NAME = "$(TARGET_NAME)";
				SWIFT_VERSION = 4.0;
				TARGETED_DEVICE_FAMILY = "1,2";
			};
			name = Release;
		};
		D5152CA6204B68740002A705 /* Debug */ = {
			isa = XCBuildConfiguration;
			buildSettings = {
				ALWAYS_EMBED_SWIFT_STANDARD_LIBRARIES = YES;
				BUNDLE_LOADER = "$(TEST_HOST)";
				CODE_SIGN_STYLE = Automatic;
				INFOPLIST_FILE = TinderTests/Info.plist;
				LD_RUNPATH_SEARCH_PATHS = "$(inherited) @executable_path/Frameworks @loader_path/Frameworks";
				PRODUCT_BUNDLE_IDENTIFIER = com.nikhiliyer.TinderTests;
				PRODUCT_NAME = "$(TARGET_NAME)";
				SWIFT_VERSION = 4.0;
				TARGETED_DEVICE_FAMILY = "1,2";
				TEST_HOST = "$(BUILT_PRODUCTS_DIR)/Tinder.app/Tinder";
			};
			name = Debug;
		};
		D5152CA7204B68740002A705 /* Release */ = {
			isa = XCBuildConfiguration;
			buildSettings = {
				ALWAYS_EMBED_SWIFT_STANDARD_LIBRARIES = YES;
				BUNDLE_LOADER = "$(TEST_HOST)";
				CODE_SIGN_STYLE = Automatic;
				INFOPLIST_FILE = TinderTests/Info.plist;
				LD_RUNPATH_SEARCH_PATHS = "$(inherited) @executable_path/Frameworks @loader_path/Frameworks";
				PRODUCT_BUNDLE_IDENTIFIER = com.nikhiliyer.TinderTests;
				PRODUCT_NAME = "$(TARGET_NAME)";
				SWIFT_VERSION = 4.0;
				TARGETED_DEVICE_FAMILY = "1,2";
				TEST_HOST = "$(BUILT_PRODUCTS_DIR)/Tinder.app/Tinder";
			};
			name = Release;
		};
		D5152CA9204B68740002A705 /* Debug */ = {
			isa = XCBuildConfiguration;
			buildSettings = {
				ALWAYS_EMBED_SWIFT_STANDARD_LIBRARIES = YES;
				CODE_SIGN_STYLE = Automatic;
				INFOPLIST_FILE = TinderUITests/Info.plist;
				LD_RUNPATH_SEARCH_PATHS = "$(inherited) @executable_path/Frameworks @loader_path/Frameworks";
				PRODUCT_BUNDLE_IDENTIFIER = com.nikhiliyer.TinderUITests;
				PRODUCT_NAME = "$(TARGET_NAME)";
				SWIFT_VERSION = 4.0;
				TARGETED_DEVICE_FAMILY = "1,2";
				TEST_TARGET_NAME = Tinder;
			};
			name = Debug;
		};
		D5152CAA204B68740002A705 /* Release */ = {
			isa = XCBuildConfiguration;
			buildSettings = {
				ALWAYS_EMBED_SWIFT_STANDARD_LIBRARIES = YES;
				CODE_SIGN_STYLE = Automatic;
				INFOPLIST_FILE = TinderUITests/Info.plist;
				LD_RUNPATH_SEARCH_PATHS = "$(inherited) @executable_path/Frameworks @loader_path/Frameworks";
				PRODUCT_BUNDLE_IDENTIFIER = com.nikhiliyer.TinderUITests;
				PRODUCT_NAME = "$(TARGET_NAME)";
				SWIFT_VERSION = 4.0;
				TARGETED_DEVICE_FAMILY = "1,2";
				TEST_TARGET_NAME = Tinder;
			};
			name = Release;
		};
/* End XCBuildConfiguration section */

/* Begin XCConfigurationList section */
		D5152C75204B68740002A705 /* Build configuration list for PBXProject "Tinder" */ = {
			isa = XCConfigurationList;
			buildConfigurations = (
				D5152CA0204B68740002A705 /* Debug */,
				D5152CA1204B68740002A705 /* Release */,
			);
			defaultConfigurationIsVisible = 0;
			defaultConfigurationName = Release;
		};
		D5152CA2204B68740002A705 /* Build configuration list for PBXNativeTarget "Tinder" */ = {
			isa = XCConfigurationList;
			buildConfigurations = (
				D5152CA3204B68740002A705 /* Debug */,
				D5152CA4204B68740002A705 /* Release */,
			);
			defaultConfigurationIsVisible = 0;
			defaultConfigurationName = Release;
		};
		D5152CA5204B68740002A705 /* Build configuration list for PBXNativeTarget "TinderTests" */ = {
			isa = XCConfigurationList;
			buildConfigurations = (
				D5152CA6204B68740002A705 /* Debug */,
				D5152CA7204B68740002A705 /* Release */,
			);
			defaultConfigurationIsVisible = 0;
			defaultConfigurationName = Release;
		};
		D5152CA8204B68740002A705 /* Build configuration list for PBXNativeTarget "TinderUITests" */ = {
			isa = XCConfigurationList;
			buildConfigurations = (
				D5152CA9204B68740002A705 /* Debug */,
				D5152CAA204B68740002A705 /* Release */,
			);
			defaultConfigurationIsVisible = 0;
			defaultConfigurationName = Release;
		};
/* End XCConfigurationList section */
	};
	rootObject = D5152C72204B68740002A705 /* Project object */;
}
